// !$*UTF8*$!
{
	archiveVersion = 1;
	classes = {
	};
	objectVersion = 50;
	objects = {

/* Begin PBXBuildFile section */
		45472F75234796B500EB74F4 /* AppDelegate.swift in Sources */ = {isa = PBXBuildFile; fileRef = 45472F74234796B500EB74F4 /* AppDelegate.swift */; };
		45472F7A234796B500EB74F4 /* Main.storyboard in Resources */ = {isa = PBXBuildFile; fileRef = 45472F78234796B500EB74F4 /* Main.storyboard */; };
		45472F7C234796B600EB74F4 /* Assets.xcassets in Resources */ = {isa = PBXBuildFile; fileRef = 45472F7B234796B600EB74F4 /* Assets.xcassets */; };
		45472F7F234796B600EB74F4 /* LaunchScreen.storyboard in Resources */ = {isa = PBXBuildFile; fileRef = 45472F7D234796B600EB74F4 /* LaunchScreen.storyboard */; };
		45472F87234798B300EB74F4 /* PokemonCollectionTableViewController.swift in Sources */ = {isa = PBXBuildFile; fileRef = 45472F86234798B300EB74F4 /* PokemonCollectionTableViewController.swift */; };
		45472F89234798D000EB74F4 /* SearchPokemonViewController.swift in Sources */ = {isa = PBXBuildFile; fileRef = 45472F88234798D000EB74F4 /* SearchPokemonViewController.swift */; };
		45472F8B234798DF00EB74F4 /* DetailsPokemonViewController.swift in Sources */ = {isa = PBXBuildFile; fileRef = 45472F8A234798DF00EB74F4 /* DetailsPokemonViewController.swift */; };
		45472F8E23479AF700EB74F4 /* Pokemon.swift in Sources */ = {isa = PBXBuildFile; fileRef = 45472F8D23479AF700EB74F4 /* Pokemon.swift */; };
		45472F9023479CA500EB74F4 /* APIController.swift in Sources */ = {isa = PBXBuildFile; fileRef = 45472F8F23479CA500EB74F4 /* APIController.swift */; };
/* End PBXBuildFile section */

/* Begin PBXFileReference section */
		45472F71234796B500EB74F4 /* ios10-pokedex.app */ = {isa = PBXFileReference; explicitFileType = wrapper.application; includeInIndex = 0; path = "ios10-pokedex.app"; sourceTree = BUILT_PRODUCTS_DIR; };
		45472F74234796B500EB74F4 /* AppDelegate.swift */ = {isa = PBXFileReference; lastKnownFileType = sourcecode.swift; path = AppDelegate.swift; sourceTree = "<group>"; };
		45472F79234796B500EB74F4 /* Base */ = {isa = PBXFileReference; lastKnownFileType = file.storyboard; name = Base; path = Base.lproj/Main.storyboard; sourceTree = "<group>"; };
		45472F7B234796B600EB74F4 /* Assets.xcassets */ = {isa = PBXFileReference; lastKnownFileType = folder.assetcatalog; path = Assets.xcassets; sourceTree = "<group>"; };
		45472F7E234796B600EB74F4 /* Base */ = {isa = PBXFileReference; lastKnownFileType = file.storyboard; name = Base; path = Base.lproj/LaunchScreen.storyboard; sourceTree = "<group>"; };
		45472F80234796B600EB74F4 /* Info.plist */ = {isa = PBXFileReference; lastKnownFileType = text.plist.xml; path = Info.plist; sourceTree = "<group>"; };
		45472F86234798B300EB74F4 /* PokemonCollectionTableViewController.swift */ = {isa = PBXFileReference; lastKnownFileType = sourcecode.swift; path = PokemonCollectionTableViewController.swift; sourceTree = "<group>"; };
		45472F88234798D000EB74F4 /* SearchPokemonViewController.swift */ = {isa = PBXFileReference; lastKnownFileType = sourcecode.swift; path = SearchPokemonViewController.swift; sourceTree = "<group>"; };
		45472F8A234798DF00EB74F4 /* DetailsPokemonViewController.swift */ = {isa = PBXFileReference; lastKnownFileType = sourcecode.swift; path = DetailsPokemonViewController.swift; sourceTree = "<group>"; };
		45472F8D23479AF700EB74F4 /* Pokemon.swift */ = {isa = PBXFileReference; lastKnownFileType = sourcecode.swift; path = Pokemon.swift; sourceTree = "<group>"; };
		45472F8F23479CA500EB74F4 /* APIController.swift */ = {isa = PBXFileReference; lastKnownFileType = sourcecode.swift; path = APIController.swift; sourceTree = "<group>"; };
/* End PBXFileReference section */

/* Begin PBXFrameworksBuildPhase section */
		45472F6E234796B500EB74F4 /* Frameworks */ = {
			isa = PBXFrameworksBuildPhase;
			buildActionMask = 2147483647;
			files = (
			);
			runOnlyForDeploymentPostprocessing = 0;
		};
/* End PBXFrameworksBuildPhase section */

/* Begin PBXGroup section */
		45472F68234796B500EB74F4 = {
			isa = PBXGroup;
			children = (
				45472F9223479CBA00EB74F4 /* Model Controllers */,
				45472F9123479CAB00EB74F4 /* Models */,
				45472F8C234798E300EB74F4 /* View Controllers */,
				45472F73234796B500EB74F4 /* ios10-pokedex */,
				45472F72234796B500EB74F4 /* Products */,
			);
			sourceTree = "<group>";
		};
		45472F72234796B500EB74F4 /* Products */ = {
			isa = PBXGroup;
			children = (
				45472F71234796B500EB74F4 /* ios10-pokedex.app */,
			);
			name = Products;
			sourceTree = "<group>";
		};
		45472F73234796B500EB74F4 /* ios10-pokedex */ = {
			isa = PBXGroup;
			children = (
				45472F74234796B500EB74F4 /* AppDelegate.swift */,
				45472F78234796B500EB74F4 /* Main.storyboard */,
				45472F7B234796B600EB74F4 /* Assets.xcassets */,
				45472F7D234796B600EB74F4 /* LaunchScreen.storyboard */,
				45472F80234796B600EB74F4 /* Info.plist */,
			);
			path = "ios10-pokedex";
			sourceTree = "<group>";
		};
		45472F8C234798E300EB74F4 /* View Controllers */ = {
			isa = PBXGroup;
			children = (
				45472F86234798B300EB74F4 /* PokemonCollectionTableViewController.swift */,
				45472F88234798D000EB74F4 /* SearchPokemonViewController.swift */,
				45472F8A234798DF00EB74F4 /* DetailsPokemonViewController.swift */,
			);
			path = "View Controllers";
			sourceTree = "<group>";
		};
		45472F9123479CAB00EB74F4 /* Models */ = {
			isa = PBXGroup;
			children = (
				45472F8D23479AF700EB74F4 /* Pokemon.swift */,
			);
			path = Models;
			sourceTree = "<group>";
		};
		45472F9223479CBA00EB74F4 /* Model Controllers */ = {
			isa = PBXGroup;
			children = (
				45472F8F23479CA500EB74F4 /* APIController.swift */,
			);
			path = "Model Controllers";
			sourceTree = "<group>";
		};
/* End PBXGroup section */

/* Begin PBXNativeTarget section */
		45472F70234796B500EB74F4 /* ios10-pokedex */ = {
			isa = PBXNativeTarget;
			buildConfigurationList = 45472F83234796B600EB74F4 /* Build configuration list for PBXNativeTarget "ios10-pokedex" */;
			buildPhases = (
				45472F6D234796B500EB74F4 /* Sources */,
				45472F6E234796B500EB74F4 /* Frameworks */,
				45472F6F234796B500EB74F4 /* Resources */,
			);
			buildRules = (
			);
			dependencies = (
			);
			name = "ios10-pokedex";
			productName = "ios10-pokedex";
			productReference = 45472F71234796B500EB74F4 /* ios10-pokedex.app */;
			productType = "com.apple.product-type.application";
		};
/* End PBXNativeTarget section */

/* Begin PBXProject section */
		45472F69234796B500EB74F4 /* Project object */ = {
			isa = PBXProject;
			attributes = {
				LastSwiftUpdateCheck = 1020;
				LastUpgradeCheck = 1020;
				ORGANIZATIONNAME = "Lambda School";
				TargetAttributes = {
					45472F70234796B500EB74F4 = {
						CreatedOnToolsVersion = 10.2.1;
					};
				};
			};
			buildConfigurationList = 45472F6C234796B500EB74F4 /* Build configuration list for PBXProject "ios10-pokedex" */;
			compatibilityVersion = "Xcode 9.3";
			developmentRegion = en;
			hasScannedForEncodings = 0;
			knownRegions = (
				en,
				Base,
			);
			mainGroup = 45472F68234796B500EB74F4;
			productRefGroup = 45472F72234796B500EB74F4 /* Products */;
			projectDirPath = "";
			projectRoot = "";
			targets = (
				45472F70234796B500EB74F4 /* ios10-pokedex */,
			);
		};
/* End PBXProject section */

/* Begin PBXResourcesBuildPhase section */
		45472F6F234796B500EB74F4 /* Resources */ = {
			isa = PBXResourcesBuildPhase;
			buildActionMask = 2147483647;
			files = (
				45472F7F234796B600EB74F4 /* LaunchScreen.storyboard in Resources */,
				45472F7C234796B600EB74F4 /* Assets.xcassets in Resources */,
				45472F7A234796B500EB74F4 /* Main.storyboard in Resources */,
			);
			runOnlyForDeploymentPostprocessing = 0;
		};
/* End PBXResourcesBuildPhase section */

/* Begin PBXSourcesBuildPhase section */
		45472F6D234796B500EB74F4 /* Sources */ = {
			isa = PBXSourcesBuildPhase;
			buildActionMask = 2147483647;
			files = (
				45472F8E23479AF700EB74F4 /* Pokemon.swift in Sources */,
				45472F75234796B500EB74F4 /* AppDelegate.swift in Sources */,
				45472F9023479CA500EB74F4 /* APIController.swift in Sources */,
				45472F89234798D000EB74F4 /* SearchPokemonViewController.swift in Sources */,
				45472F87234798B300EB74F4 /* PokemonCollectionTableViewController.swift in Sources */,
				45472F8B234798DF00EB74F4 /* DetailsPokemonViewController.swift in Sources */,
			);
			runOnlyForDeploymentPostprocessing = 0;
		};
/* End PBXSourcesBuildPhase section */

/* Begin PBXVariantGroup section */
		45472F78234796B500EB74F4 /* Main.storyboard */ = {
			isa = PBXVariantGroup;
			children = (
				45472F79234796B500EB74F4 /* Base */,
			);
			name = Main.storyboard;
			sourceTree = "<group>";
		};
		45472F7D234796B600EB74F4 /* LaunchScreen.storyboard */ = {
			isa = PBXVariantGroup;
			children = (
				45472F7E234796B600EB74F4 /* Base */,
			);
			name = LaunchScreen.storyboard;
			sourceTree = "<group>";
		};
/* End PBXVariantGroup section */

/* Begin XCBuildConfiguration section */
		45472F81234796B600EB74F4 /* Debug */ = {
			isa = XCBuildConfiguration;
			buildSettings = {
				ALWAYS_SEARCH_USER_PATHS = NO;
				CLANG_ANALYZER_NONNULL = YES;
				CLANG_ANALYZER_NUMBER_OBJECT_CONVERSION = YES_AGGRESSIVE;
				CLANG_CXX_LANGUAGE_STANDARD = "gnu++14";
				CLANG_CXX_LIBRARY = "libc++";
				CLANG_ENABLE_MODULES = YES;
				CLANG_ENABLE_OBJC_ARC = YES;
				CLANG_ENABLE_OBJC_WEAK = YES;
				CLANG_WARN_BLOCK_CAPTURE_AUTORELEASING = YES;
				CLANG_WARN_BOOL_CONVERSION = YES;
				CLANG_WARN_COMMA = YES;
				CLANG_WARN_CONSTANT_CONVERSION = YES;
				CLANG_WARN_DEPRECATED_OBJC_IMPLEMENTATIONS = YES;
				CLANG_WARN_DIRECT_OBJC_ISA_USAGE = YES_ERROR;
				CLANG_WARN_DOCUMENTATION_COMMENTS = YES;
				CLANG_WARN_EMPTY_BODY = YES;
				CLANG_WARN_ENUM_CONVERSION = YES;
				CLANG_WARN_INFINITE_RECURSION = YES;
				CLANG_WARN_INT_CONVERSION = YES;
				CLANG_WARN_NON_LITERAL_NULL_CONVERSION = YES;
				CLANG_WARN_OBJC_IMPLICIT_RETAIN_SELF = YES;
				CLANG_WARN_OBJC_LITERAL_CONVERSION = YES;
				CLANG_WARN_OBJC_ROOT_CLASS = YES_ERROR;
				CLANG_WARN_RANGE_LOOP_ANALYSIS = YES;
				CLANG_WARN_STRICT_PROTOTYPES = YES;
				CLANG_WARN_SUSPICIOUS_MOVE = YES;
				CLANG_WARN_UNGUARDED_AVAILABILITY = YES_AGGRESSIVE;
				CLANG_WARN_UNREACHABLE_CODE = YES;
				CLANG_WARN__DUPLICATE_METHOD_MATCH = YES;
				CODE_SIGN_IDENTITY = "iPhone Developer";
				COPY_PHASE_STRIP = NO;
				DEBUG_INFORMATION_FORMAT = dwarf;
				ENABLE_STRICT_OBJC_MSGSEND = YES;
				ENABLE_TESTABILITY = YES;
				GCC_C_LANGUAGE_STANDARD = gnu11;
				GCC_DYNAMIC_NO_PIC = NO;
				GCC_NO_COMMON_BLOCKS = YES;
				GCC_OPTIMIZATION_LEVEL = 0;
				GCC_PREPROCESSOR_DEFINITIONS = (
					"DEBUG=1",
					"$(inherited)",
				);
				GCC_WARN_64_TO_32_BIT_CONVERSION = YES;
				GCC_WARN_ABOUT_RETURN_TYPE = YES_ERROR;
				GCC_WARN_UNDECLARED_SELECTOR = YES;
				GCC_WARN_UNINITIALIZED_AUTOS = YES_AGGRESSIVE;
				GCC_WARN_UNUSED_FUNCTION = YES;
				GCC_WARN_UNUSED_VARIABLE = YES;
				IPHONEOS_DEPLOYMENT_TARGET = 12.2;
				MTL_ENABLE_DEBUG_INFO = INCLUDE_SOURCE;
				MTL_FAST_MATH = YES;
				ONLY_ACTIVE_ARCH = YES;
				SDKROOT = iphoneos;
				SWIFT_ACTIVE_COMPILATION_CONDITIONS = DEBUG;
				SWIFT_OPTIMIZATION_LEVEL = "-Onone";
			};
			name = Debug;
		};
		45472F82234796B600EB74F4 /* Release */ = {
			isa = XCBuildConfiguration;
			buildSettings = {
				ALWAYS_SEARCH_USER_PATHS = NO;
				CLANG_ANALYZER_NONNULL = YES;
				CLANG_ANALYZER_NUMBER_OBJECT_CONVERSION = YES_AGGRESSIVE;
				CLANG_CXX_LANGUAGE_STANDARD = "gnu++14";
				CLANG_CXX_LIBRARY = "libc++";
				CLANG_ENABLE_MODULES = YES;
				CLANG_ENABLE_OBJC_ARC = YES;
				CLANG_ENABLE_OBJC_WEAK = YES;
				CLANG_WARN_BLOCK_CAPTURE_AUTORELEASING = YES;
				CLANG_WARN_BOOL_CONVERSION = YES;
				CLANG_WARN_COMMA = YES;
				CLANG_WARN_CONSTANT_CONVERSION = YES;
				CLANG_WARN_DEPRECATED_OBJC_IMPLEMENTATIONS = YES;
				CLANG_WARN_DIRECT_OBJC_ISA_USAGE = YES_ERROR;
				CLANG_WARN_DOCUMENTATION_COMMENTS = YES;
				CLANG_WARN_EMPTY_BODY = YES;
				CLANG_WARN_ENUM_CONVERSION = YES;
				CLANG_WARN_INFINITE_RECURSION = YES;
				CLANG_WARN_INT_CONVERSION = YES;
				CLANG_WARN_NON_LITERAL_NULL_CONVERSION = YES;
				CLANG_WARN_OBJC_IMPLICIT_RETAIN_SELF = YES;
				CLANG_WARN_OBJC_LITERAL_CONVERSION = YES;
				CLANG_WARN_OBJC_ROOT_CLASS = YES_ERROR;
				CLANG_WARN_RANGE_LOOP_ANALYSIS = YES;
				CLANG_WARN_STRICT_PROTOTYPES = YES;
				CLANG_WARN_SUSPICIOUS_MOVE = YES;
				CLANG_WARN_UNGUARDED_AVAILABILITY = YES_AGGRESSIVE;
				CLANG_WARN_UNREACHABLE_CODE = YES;
				CLANG_WARN__DUPLICATE_METHOD_MATCH = YES;
				CODE_SIGN_IDENTITY = "iPhone Developer";
				COPY_PHASE_STRIP = NO;
				DEBUG_INFORMATION_FORMAT = "dwarf-with-dsym";
				ENABLE_NS_ASSERTIONS = NO;
				ENABLE_STRICT_OBJC_MSGSEND = YES;
				GCC_C_LANGUAGE_STANDARD = gnu11;
				GCC_NO_COMMON_BLOCKS = YES;
				GCC_WARN_64_TO_32_BIT_CONVERSION = YES;
				GCC_WARN_ABOUT_RETURN_TYPE = YES_ERROR;
				GCC_WARN_UNDECLARED_SELECTOR = YES;
				GCC_WARN_UNINITIALIZED_AUTOS = YES_AGGRESSIVE;
				GCC_WARN_UNUSED_FUNCTION = YES;
				GCC_WARN_UNUSED_VARIABLE = YES;
				IPHONEOS_DEPLOYMENT_TARGET = 12.2;
				MTL_ENABLE_DEBUG_INFO = NO;
				MTL_FAST_MATH = YES;
				SDKROOT = iphoneos;
				SWIFT_COMPILATION_MODE = wholemodule;
				SWIFT_OPTIMIZATION_LEVEL = "-O";
				VALIDATE_PRODUCT = YES;
			};
			name = Release;
		};
		45472F84234796B600EB74F4 /* Debug */ = {
			isa = XCBuildConfiguration;
			buildSettings = {
				ASSETCATALOG_COMPILER_APPICON_NAME = AppIcon;
				CODE_SIGN_STYLE = Automatic;
				INFOPLIST_FILE = "ios10-pokedex/Info.plist";
				LD_RUNPATH_SEARCH_PATHS = (
					"$(inherited)",
					"@executable_path/Frameworks",
				);
				PRODUCT_BUNDLE_IDENTIFIER = "com.flash.ios10-pokedex";
				PRODUCT_NAME = "$(TARGET_NAME)";
				SWIFT_VERSION = 5.0;
				TARGETED_DEVICE_FAMILY = "1,2";
			};
			name = Debug;
		};
		45472F85234796B600EB74F4 /* Release */ = {
			isa = XCBuildConfiguration;
			buildSettings = {
				ASSETCATALOG_COMPILER_APPICON_NAME = AppIcon;
				CODE_SIGN_STYLE = Automatic;
				INFOPLIST_FILE = "ios10-pokedex/Info.plist";
				LD_RUNPATH_SEARCH_PATHS = (
					"$(inherited)",
					"@executable_path/Frameworks",
				);
				PRODUCT_BUNDLE_IDENTIFIER = "com.flash.ios10-pokedex";
				PRODUCT_NAME = "$(TARGET_NAME)";
				SWIFT_VERSION = 5.0;
				TARGETED_DEVICE_FAMILY = "1,2";
			};
			name = Release;
		};
/* End XCBuildConfiguration section */

/* Begin XCConfigurationList section */
		45472F6C234796B500EB74F4 /* Build configuration list for PBXProject "ios10-pokedex" */ = {
			isa = XCConfigurationList;
			buildConfigurations = (
				45472F81234796B600EB74F4 /* Debug */,
				45472F82234796B600EB74F4 /* Release */,
			);
			defaultConfigurationIsVisible = 0;
			defaultConfigurationName = Release;
		};
		45472F83234796B600EB74F4 /* Build configuration list for PBXNativeTarget "ios10-pokedex" */ = {
			isa = XCConfigurationList;
			buildConfigurations = (
				45472F84234796B600EB74F4 /* Debug */,
				45472F85234796B600EB74F4 /* Release */,
			);
			defaultConfigurationIsVisible = 0;
			defaultConfigurationName = Release;
		};
/* End XCConfigurationList section */
	};
	rootObject = 45472F69234796B500EB74F4 /* Project object */;
}
